// !$*UTF8*$!
{
	archiveVersion = 1;
	classes = {
	};
	objectVersion = 55;
	objects = {

/* Begin PBXBuildFile section */
		8D24DED5282E7500006A323E /* AppDelegate.swift in Sources */ = {isa = PBXBuildFile; fileRef = 8D24DED4282E7500006A323E /* AppDelegate.swift */; };
		8D24DED7282E7500006A323E /* SceneDelegate.swift in Sources */ = {isa = PBXBuildFile; fileRef = 8D24DED6282E7500006A323E /* SceneDelegate.swift */; };
		8D24DED9282E7500006A323E /* ViewController.swift in Sources */ = {isa = PBXBuildFile; fileRef = 8D24DED8282E7500006A323E /* ViewController.swift */; };
		8D24DEDF282E7500006A323E /* faceMaskData.xcdatamodeld in Sources */ = {isa = PBXBuildFile; fileRef = 8D24DEDD282E7500006A323E /* faceMaskData.xcdatamodeld */; };
		8D24DEE1282E7501006A323E /* Assets.xcassets in Resources */ = {isa = PBXBuildFile; fileRef = 8D24DEE0282E7501006A323E /* Assets.xcassets */; };
		8D24DEE4282E7501006A323E /* LaunchScreen.storyboard in Resources */ = {isa = PBXBuildFile; fileRef = 8D24DEE2282E7501006A323E /* LaunchScreen.storyboard */; };
		8D24DEEF282E7501006A323E /* faceMaskDataTests.swift in Sources */ = {isa = PBXBuildFile; fileRef = 8D24DEEE282E7501006A323E /* faceMaskDataTests.swift */; };
		8D24DEF9282E7501006A323E /* faceMaskDataUITests.swift in Sources */ = {isa = PBXBuildFile; fileRef = 8D24DEF8282E7501006A323E /* faceMaskDataUITests.swift */; };
		8D24DEFB282E7501006A323E /* faceMaskDataUITestsLaunchTests.swift in Sources */ = {isa = PBXBuildFile; fileRef = 8D24DEFA282E7501006A323E /* faceMaskDataUITestsLaunchTests.swift */; };
		8D6F3A45282F85FD001DC31A /* FaceMask.swift in Sources */ = {isa = PBXBuildFile; fileRef = 8D6F3A44282F85FD001DC31A /* FaceMask.swift */; };
		8D6F3A4A282FA174001DC31A /* NetworkController.swift in Sources */ = {isa = PBXBuildFile; fileRef = 8D6F3A49282FA174001DC31A /* NetworkController.swift */; };
		8D6F3A4C282FA398001DC31A /* FaceMaskOperation.swift in Sources */ = {isa = PBXBuildFile; fileRef = 8D6F3A4B282FA398001DC31A /* FaceMaskOperation.swift */; };
		8D6F3A502830BB9A001DC31A /* temp.swift in Sources */ = {isa = PBXBuildFile; fileRef = 8D6F3A4F2830BB9A001DC31A /* temp.swift */; };
		8DB541232834B921002F6DD8 /* CoreDataController.swift in Sources */ = {isa = PBXBuildFile; fileRef = 8DB541222834B921002F6DD8 /* CoreDataController.swift */; };
		8DC94D15283105D000931E2F /* DailySentenceOperation.swift in Sources */ = {isa = PBXBuildFile; fileRef = 8DC94D14283105D000931E2F /* DailySentenceOperation.swift */; };
		8DC94D172831297800931E2F /* DailySentence.swift in Sources */ = {isa = PBXBuildFile; fileRef = 8DC94D162831297800931E2F /* DailySentence.swift */; };
		8DC94D19283129B200931E2F /* Extension.swift in Sources */ = {isa = PBXBuildFile; fileRef = 8DC94D18283129B200931E2F /* Extension.swift */; };
		8DD6024628339C0F0046798D /* TownViewController.swift in Sources */ = {isa = PBXBuildFile; fileRef = 8DD6024528339C0F0046798D /* TownViewController.swift */; };
		8DE45820283254E100DA329F /* SentenceView.swift in Sources */ = {isa = PBXBuildFile; fileRef = 8DE4581F283254E100DA329F /* SentenceView.swift */; };
		A4DD5BF15391AE399F7A9093 /* Pods_faceMaskData.framework in Frameworks */ = {isa = PBXBuildFile; fileRef = 0BC8AB348F5DE68ED2DE81D9 /* Pods_faceMaskData.framework */; };
		E851A8AFFD9EE8792325B04E /* Pods_faceMaskDataTests.framework in Frameworks */ = {isa = PBXBuildFile; fileRef = 3880AA300CA9C3128953893D /* Pods_faceMaskDataTests.framework */; };
		EEC78A692C4D4156D3B02ACF /* Pods_faceMaskData_faceMaskDataUITests.framework in Frameworks */ = {isa = PBXBuildFile; fileRef = 9B687DC032114E91CB007FE7 /* Pods_faceMaskData_faceMaskDataUITests.framework */; };
/* End PBXBuildFile section */

/* Begin PBXContainerItemProxy section */
		8D24DEEB282E7501006A323E /* PBXContainerItemProxy */ = {
			isa = PBXContainerItemProxy;
			containerPortal = 8D24DEC9282E7500006A323E /* Project object */;
			proxyType = 1;
			remoteGlobalIDString = 8D24DED0282E7500006A323E;
			remoteInfo = faceMaskData;
		};
		8D24DEF5282E7501006A323E /* PBXContainerItemProxy */ = {
			isa = PBXContainerItemProxy;
			containerPortal = 8D24DEC9282E7500006A323E /* Project object */;
			proxyType = 1;
			remoteGlobalIDString = 8D24DED0282E7500006A323E;
			remoteInfo = faceMaskData;
		};
/* End PBXContainerItemProxy section */

/* Begin PBXFileReference section */
		0BC8AB348F5DE68ED2DE81D9 /* Pods_faceMaskData.framework */ = {isa = PBXFileReference; explicitFileType = wrapper.framework; includeInIndex = 0; path = Pods_faceMaskData.framework; sourceTree = BUILT_PRODUCTS_DIR; };
		3880AA300CA9C3128953893D /* Pods_faceMaskDataTests.framework */ = {isa = PBXFileReference; explicitFileType = wrapper.framework; includeInIndex = 0; path = Pods_faceMaskDataTests.framework; sourceTree = BUILT_PRODUCTS_DIR; };
		56998515415ACD3540E35030 /* Pods-faceMaskDataTests.debug.xcconfig */ = {isa = PBXFileReference; includeInIndex = 1; lastKnownFileType = text.xcconfig; name = "Pods-faceMaskDataTests.debug.xcconfig"; path = "Target Support Files/Pods-faceMaskDataTests/Pods-faceMaskDataTests.debug.xcconfig"; sourceTree = "<group>"; };
		7EE1CDE3B75DFC4F10F220BD /* Pods-faceMaskData.release.xcconfig */ = {isa = PBXFileReference; includeInIndex = 1; lastKnownFileType = text.xcconfig; name = "Pods-faceMaskData.release.xcconfig"; path = "Target Support Files/Pods-faceMaskData/Pods-faceMaskData.release.xcconfig"; sourceTree = "<group>"; };
		8D24DED1282E7500006A323E /* faceMaskData.app */ = {isa = PBXFileReference; explicitFileType = wrapper.application; includeInIndex = 0; path = faceMaskData.app; sourceTree = BUILT_PRODUCTS_DIR; };
		8D24DED4282E7500006A323E /* AppDelegate.swift */ = {isa = PBXFileReference; lastKnownFileType = sourcecode.swift; path = AppDelegate.swift; sourceTree = "<group>"; };
		8D24DED6282E7500006A323E /* SceneDelegate.swift */ = {isa = PBXFileReference; lastKnownFileType = sourcecode.swift; path = SceneDelegate.swift; sourceTree = "<group>"; };
		8D24DED8282E7500006A323E /* ViewController.swift */ = {isa = PBXFileReference; lastKnownFileType = sourcecode.swift; path = ViewController.swift; sourceTree = "<group>"; };
		8D24DEDE282E7500006A323E /* faceMaskData.xcdatamodel */ = {isa = PBXFileReference; lastKnownFileType = wrapper.xcdatamodel; path = faceMaskData.xcdatamodel; sourceTree = "<group>"; };
		8D24DEE0282E7501006A323E /* Assets.xcassets */ = {isa = PBXFileReference; lastKnownFileType = folder.assetcatalog; path = Assets.xcassets; sourceTree = "<group>"; };
		8D24DEE3282E7501006A323E /* Base */ = {isa = PBXFileReference; lastKnownFileType = file.storyboard; name = Base; path = Base.lproj/LaunchScreen.storyboard; sourceTree = "<group>"; };
		8D24DEE5282E7501006A323E /* Info.plist */ = {isa = PBXFileReference; lastKnownFileType = text.plist.xml; path = Info.plist; sourceTree = "<group>"; };
		8D24DEEA282E7501006A323E /* faceMaskDataTests.xctest */ = {isa = PBXFileReference; explicitFileType = wrapper.cfbundle; includeInIndex = 0; path = faceMaskDataTests.xctest; sourceTree = BUILT_PRODUCTS_DIR; };
		8D24DEEE282E7501006A323E /* faceMaskDataTests.swift */ = {isa = PBXFileReference; lastKnownFileType = sourcecode.swift; path = faceMaskDataTests.swift; sourceTree = "<group>"; };
		8D24DEF4282E7501006A323E /* faceMaskDataUITests.xctest */ = {isa = PBXFileReference; explicitFileType = wrapper.cfbundle; includeInIndex = 0; path = faceMaskDataUITests.xctest; sourceTree = BUILT_PRODUCTS_DIR; };
		8D24DEF8282E7501006A323E /* faceMaskDataUITests.swift */ = {isa = PBXFileReference; lastKnownFileType = sourcecode.swift; path = faceMaskDataUITests.swift; sourceTree = "<group>"; };
		8D24DEFA282E7501006A323E /* faceMaskDataUITestsLaunchTests.swift */ = {isa = PBXFileReference; lastKnownFileType = sourcecode.swift; path = faceMaskDataUITestsLaunchTests.swift; sourceTree = "<group>"; };
		8D6F3A44282F85FD001DC31A /* FaceMask.swift */ = {isa = PBXFileReference; lastKnownFileType = sourcecode.swift; path = FaceMask.swift; sourceTree = "<group>"; };
		8D6F3A49282FA174001DC31A /* NetworkController.swift */ = {isa = PBXFileReference; lastKnownFileType = sourcecode.swift; path = NetworkController.swift; sourceTree = "<group>"; };
		8D6F3A4B282FA398001DC31A /* FaceMaskOperation.swift */ = {isa = PBXFileReference; lastKnownFileType = sourcecode.swift; path = FaceMaskOperation.swift; sourceTree = "<group>"; };
		8D6F3A4F2830BB9A001DC31A /* temp.swift */ = {isa = PBXFileReference; lastKnownFileType = sourcecode.swift; path = temp.swift; sourceTree = "<group>"; };
		8DB541222834B921002F6DD8 /* CoreDataController.swift */ = {isa = PBXFileReference; lastKnownFileType = sourcecode.swift; path = CoreDataController.swift; sourceTree = "<group>"; };
		8DC94D14283105D000931E2F /* DailySentenceOperation.swift */ = {isa = PBXFileReference; lastKnownFileType = sourcecode.swift; path = DailySentenceOperation.swift; sourceTree = "<group>"; };
		8DC94D162831297800931E2F /* DailySentence.swift */ = {isa = PBXFileReference; lastKnownFileType = sourcecode.swift; path = DailySentence.swift; sourceTree = "<group>"; };
		8DC94D18283129B200931E2F /* Extension.swift */ = {isa = PBXFileReference; lastKnownFileType = sourcecode.swift; path = Extension.swift; sourceTree = "<group>"; };
		8DD6024528339C0F0046798D /* TownViewController.swift */ = {isa = PBXFileReference; lastKnownFileType = sourcecode.swift; path = TownViewController.swift; sourceTree = "<group>"; };
		8DE4581F283254E100DA329F /* SentenceView.swift */ = {isa = PBXFileReference; lastKnownFileType = sourcecode.swift; path = SentenceView.swift; sourceTree = "<group>"; };
		9516911EFFE0F7E9507C08D4 /* Pods-faceMaskData-faceMaskDataUITests.release.xcconfig */ = {isa = PBXFileReference; includeInIndex = 1; lastKnownFileType = text.xcconfig; name = "Pods-faceMaskData-faceMaskDataUITests.release.xcconfig"; path = "Target Support Files/Pods-faceMaskData-faceMaskDataUITests/Pods-faceMaskData-faceMaskDataUITests.release.xcconfig"; sourceTree = "<group>"; };
		9B687DC032114E91CB007FE7 /* Pods_faceMaskData_faceMaskDataUITests.framework */ = {isa = PBXFileReference; explicitFileType = wrapper.framework; includeInIndex = 0; path = Pods_faceMaskData_faceMaskDataUITests.framework; sourceTree = BUILT_PRODUCTS_DIR; };
		9E53BDF924DF063AAED34326 /* Pods-faceMaskDataTests.release.xcconfig */ = {isa = PBXFileReference; includeInIndex = 1; lastKnownFileType = text.xcconfig; name = "Pods-faceMaskDataTests.release.xcconfig"; path = "Target Support Files/Pods-faceMaskDataTests/Pods-faceMaskDataTests.release.xcconfig"; sourceTree = "<group>"; };
		BE9C86E047D423DFA8A9A360 /* Pods-faceMaskData.debug.xcconfig */ = {isa = PBXFileReference; includeInIndex = 1; lastKnownFileType = text.xcconfig; name = "Pods-faceMaskData.debug.xcconfig"; path = "Target Support Files/Pods-faceMaskData/Pods-faceMaskData.debug.xcconfig"; sourceTree = "<group>"; };
		D38DF63B139AA0A1005ACD59 /* Pods-faceMaskData-faceMaskDataUITests.debug.xcconfig */ = {isa = PBXFileReference; includeInIndex = 1; lastKnownFileType = text.xcconfig; name = "Pods-faceMaskData-faceMaskDataUITests.debug.xcconfig"; path = "Target Support Files/Pods-faceMaskData-faceMaskDataUITests/Pods-faceMaskData-faceMaskDataUITests.debug.xcconfig"; sourceTree = "<group>"; };
/* End PBXFileReference section */

/* Begin PBXFrameworksBuildPhase section */
		8D24DECE282E7500006A323E /* Frameworks */ = {
			isa = PBXFrameworksBuildPhase;
			buildActionMask = 2147483647;
			files = (
				A4DD5BF15391AE399F7A9093 /* Pods_faceMaskData.framework in Frameworks */,
			);
			runOnlyForDeploymentPostprocessing = 0;
		};
		8D24DEE7282E7501006A323E /* Frameworks */ = {
			isa = PBXFrameworksBuildPhase;
			buildActionMask = 2147483647;
			files = (
				E851A8AFFD9EE8792325B04E /* Pods_faceMaskDataTests.framework in Frameworks */,
			);
			runOnlyForDeploymentPostprocessing = 0;
		};
		8D24DEF1282E7501006A323E /* Frameworks */ = {
			isa = PBXFrameworksBuildPhase;
			buildActionMask = 2147483647;
			files = (
				EEC78A692C4D4156D3B02ACF /* Pods_faceMaskData_faceMaskDataUITests.framework in Frameworks */,
			);
			runOnlyForDeploymentPostprocessing = 0;
		};
/* End PBXFrameworksBuildPhase section */

/* Begin PBXGroup section */
		4B7A814C7D7780EB2165A6B3 /* Frameworks */ = {
			isa = PBXGroup;
			children = (
				0BC8AB348F5DE68ED2DE81D9 /* Pods_faceMaskData.framework */,
				9B687DC032114E91CB007FE7 /* Pods_faceMaskData_faceMaskDataUITests.framework */,
				3880AA300CA9C3128953893D /* Pods_faceMaskDataTests.framework */,
			);
			name = Frameworks;
			sourceTree = "<group>";
		};
		60BFB44BC1EF72F56006B46B /* Pods */ = {
			isa = PBXGroup;
			children = (
				BE9C86E047D423DFA8A9A360 /* Pods-faceMaskData.debug.xcconfig */,
				7EE1CDE3B75DFC4F10F220BD /* Pods-faceMaskData.release.xcconfig */,
				D38DF63B139AA0A1005ACD59 /* Pods-faceMaskData-faceMaskDataUITests.debug.xcconfig */,
				9516911EFFE0F7E9507C08D4 /* Pods-faceMaskData-faceMaskDataUITests.release.xcconfig */,
				56998515415ACD3540E35030 /* Pods-faceMaskDataTests.debug.xcconfig */,
				9E53BDF924DF063AAED34326 /* Pods-faceMaskDataTests.release.xcconfig */,
			);
			path = Pods;
			sourceTree = "<group>";
		};
		8D24DEC8282E7500006A323E = {
			isa = PBXGroup;
			children = (
				8D24DED3282E7500006A323E /* faceMaskData */,
				8D24DEED282E7501006A323E /* faceMaskDataTests */,
				8D24DEF7282E7501006A323E /* faceMaskDataUITests */,
				8D24DED2282E7500006A323E /* Products */,
				60BFB44BC1EF72F56006B46B /* Pods */,
				4B7A814C7D7780EB2165A6B3 /* Frameworks */,
			);
			sourceTree = "<group>";
		};
		8D24DED2282E7500006A323E /* Products */ = {
			isa = PBXGroup;
			children = (
				8D24DED1282E7500006A323E /* faceMaskData.app */,
				8D24DEEA282E7501006A323E /* faceMaskDataTests.xctest */,
				8D24DEF4282E7501006A323E /* faceMaskDataUITests.xctest */,
			);
			name = Products;
			sourceTree = "<group>";
		};
		8D24DED3282E7500006A323E /* faceMaskData */ = {
			isa = PBXGroup;
			children = (
				8DE4581E2832488A00DA329F /* View */,
				8DC94D13283105AC00931E2F /* Networking */,
				8D6F3A43282F6027001DC31A /* Model */,
				8D24DED4282E7500006A323E /* AppDelegate.swift */,
				8D24DED6282E7500006A323E /* SceneDelegate.swift */,
				8D24DEE0282E7501006A323E /* Assets.xcassets */,
				8D24DEE2282E7501006A323E /* LaunchScreen.storyboard */,
				8D24DEE5282E7501006A323E /* Info.plist */,
				8D24DEDD282E7500006A323E /* faceMaskData.xcdatamodeld */,
				8D6F3A4F2830BB9A001DC31A /* temp.swift */,
				8DB541222834B921002F6DD8 /* CoreDataController.swift */,
			);
			path = faceMaskData;
			sourceTree = "<group>";
		};
		8D24DEED282E7501006A323E /* faceMaskDataTests */ = {
			isa = PBXGroup;
			children = (
				8D24DEEE282E7501006A323E /* faceMaskDataTests.swift */,
			);
			path = faceMaskDataTests;
			sourceTree = "<group>";
		};
		8D24DEF7282E7501006A323E /* faceMaskDataUITests */ = {
			isa = PBXGroup;
			children = (
				8D24DEF8282E7501006A323E /* faceMaskDataUITests.swift */,
				8D24DEFA282E7501006A323E /* faceMaskDataUITestsLaunchTests.swift */,
			);
			path = faceMaskDataUITests;
			sourceTree = "<group>";
		};
		8D6F3A43282F6027001DC31A /* Model */ = {
			isa = PBXGroup;
			children = (
				8D6F3A44282F85FD001DC31A /* FaceMask.swift */,
				8DC94D162831297800931E2F /* DailySentence.swift */,
				8DC94D18283129B200931E2F /* Extension.swift */,
			);
			path = Model;
			sourceTree = "<group>";
		};
		8DC94D13283105AC00931E2F /* Networking */ = {
			isa = PBXGroup;
			children = (
				8D6F3A49282FA174001DC31A /* NetworkController.swift */,
				8D6F3A4B282FA398001DC31A /* FaceMaskOperation.swift */,
				8DC94D14283105D000931E2F /* DailySentenceOperation.swift */,
			);
			path = Networking;
			sourceTree = "<group>";
		};
		8DE4581E2832488A00DA329F /* View */ = {
			isa = PBXGroup;
			children = (
				8D24DED8282E7500006A323E /* ViewController.swift */,
				8DE4581F283254E100DA329F /* SentenceView.swift */,
				8DD6024528339C0F0046798D /* TownViewController.swift */,
			);
			path = View;
			sourceTree = "<group>";
		};
/* End PBXGroup section */

/* Begin PBXNativeTarget section */
		8D24DED0282E7500006A323E /* faceMaskData */ = {
			isa = PBXNativeTarget;
			buildConfigurationList = 8D24DEFE282E7501006A323E /* Build configuration list for PBXNativeTarget "faceMaskData" */;
			buildPhases = (
				C1A978A383EF386C6FFECC01 /* [CP] Check Pods Manifest.lock */,
				8D24DECD282E7500006A323E /* Sources */,
				8D24DECE282E7500006A323E /* Frameworks */,
				8D24DECF282E7500006A323E /* Resources */,
				EE32E1204E62BF4D5A29BACD /* [CP] Embed Pods Frameworks */,
			);
			buildRules = (
			);
			dependencies = (
			);
			name = faceMaskData;
			productName = faceMaskData;
			productReference = 8D24DED1282E7500006A323E /* faceMaskData.app */;
			productType = "com.apple.product-type.application";
		};
		8D24DEE9282E7501006A323E /* faceMaskDataTests */ = {
			isa = PBXNativeTarget;
			buildConfigurationList = 8D24DF01282E7501006A323E /* Build configuration list for PBXNativeTarget "faceMaskDataTests" */;
			buildPhases = (
				DA5BB0C2781F3736A2F1C0EA /* [CP] Check Pods Manifest.lock */,
				8D24DEE6282E7501006A323E /* Sources */,
				8D24DEE7282E7501006A323E /* Frameworks */,
				8D24DEE8282E7501006A323E /* Resources */,
			);
			buildRules = (
			);
			dependencies = (
				8D24DEEC282E7501006A323E /* PBXTargetDependency */,
			);
			name = faceMaskDataTests;
			productName = faceMaskDataTests;
			productReference = 8D24DEEA282E7501006A323E /* faceMaskDataTests.xctest */;
			productType = "com.apple.product-type.bundle.unit-test";
		};
		8D24DEF3282E7501006A323E /* faceMaskDataUITests */ = {
			isa = PBXNativeTarget;
			buildConfigurationList = 8D24DF04282E7501006A323E /* Build configuration list for PBXNativeTarget "faceMaskDataUITests" */;
			buildPhases = (
				0EEDEB319CF4B8DAB85B03CE /* [CP] Check Pods Manifest.lock */,
				8D24DEF0282E7501006A323E /* Sources */,
				8D24DEF1282E7501006A323E /* Frameworks */,
				8D24DEF2282E7501006A323E /* Resources */,
				993361D23E0072F1A4B61585 /* [CP] Embed Pods Frameworks */,
			);
			buildRules = (
			);
			dependencies = (
				8D24DEF6282E7501006A323E /* PBXTargetDependency */,
			);
			name = faceMaskDataUITests;
			productName = faceMaskDataUITests;
			productReference = 8D24DEF4282E7501006A323E /* faceMaskDataUITests.xctest */;
			productType = "com.apple.product-type.bundle.ui-testing";
		};
/* End PBXNativeTarget section */

/* Begin PBXProject section */
		8D24DEC9282E7500006A323E /* Project object */ = {
			isa = PBXProject;
			attributes = {
				BuildIndependentTargetsInParallel = 1;
				LastSwiftUpdateCheck = 1300;
				LastUpgradeCheck = 1300;
				TargetAttributes = {
					8D24DED0282E7500006A323E = {
						CreatedOnToolsVersion = 13.0;
					};
					8D24DEE9282E7501006A323E = {
						CreatedOnToolsVersion = 13.0;
						TestTargetID = 8D24DED0282E7500006A323E;
					};
					8D24DEF3282E7501006A323E = {
						CreatedOnToolsVersion = 13.0;
						TestTargetID = 8D24DED0282E7500006A323E;
					};
				};
			};
			buildConfigurationList = 8D24DECC282E7500006A323E /* Build configuration list for PBXProject "faceMaskData" */;
			compatibilityVersion = "Xcode 13.0";
			developmentRegion = en;
			hasScannedForEncodings = 0;
			knownRegions = (
				en,
				Base,
			);
			mainGroup = 8D24DEC8282E7500006A323E;
			productRefGroup = 8D24DED2282E7500006A323E /* Products */;
			projectDirPath = "";
			projectRoot = "";
			targets = (
				8D24DED0282E7500006A323E /* faceMaskData */,
				8D24DEE9282E7501006A323E /* faceMaskDataTests */,
				8D24DEF3282E7501006A323E /* faceMaskDataUITests */,
			);
		};
/* End PBXProject section */

/* Begin PBXResourcesBuildPhase section */
		8D24DECF282E7500006A323E /* Resources */ = {
			isa = PBXResourcesBuildPhase;
			buildActionMask = 2147483647;
			files = (
				8D24DEE4282E7501006A323E /* LaunchScreen.storyboard in Resources */,
				8D24DEE1282E7501006A323E /* Assets.xcassets in Resources */,
			);
			runOnlyForDeploymentPostprocessing = 0;
		};
		8D24DEE8282E7501006A323E /* Resources */ = {
			isa = PBXResourcesBuildPhase;
			buildActionMask = 2147483647;
			files = (
			);
			runOnlyForDeploymentPostprocessing = 0;
		};
		8D24DEF2282E7501006A323E /* Resources */ = {
			isa = PBXResourcesBuildPhase;
			buildActionMask = 2147483647;
			files = (
			);
			runOnlyForDeploymentPostprocessing = 0;
		};
/* End PBXResourcesBuildPhase section */

/* Begin PBXShellScriptBuildPhase section */
		0EEDEB319CF4B8DAB85B03CE /* [CP] Check Pods Manifest.lock */ = {
			isa = PBXShellScriptBuildPhase;
			buildActionMask = 2147483647;
			files = (
			);
			inputFileListPaths = (
			);
			inputPaths = (
				"${PODS_PODFILE_DIR_PATH}/Podfile.lock",
				"${PODS_ROOT}/Manifest.lock",
			);
			name = "[CP] Check Pods Manifest.lock";
			outputFileListPaths = (
			);
			outputPaths = (
				"$(DERIVED_FILE_DIR)/Pods-faceMaskData-faceMaskDataUITests-checkManifestLockResult.txt",
			);
			runOnlyForDeploymentPostprocessing = 0;
			shellPath = /bin/sh;
			shellScript = "diff \"${PODS_PODFILE_DIR_PATH}/Podfile.lock\" \"${PODS_ROOT}/Manifest.lock\" > /dev/null\nif [ $? != 0 ] ; then\n    # print error to STDERR\n    echo \"error: The sandbox is not in sync with the Podfile.lock. Run 'pod install' or update your CocoaPods installation.\" >&2\n    exit 1\nfi\n# This output is used by Xcode 'outputs' to avoid re-running this script phase.\necho \"SUCCESS\" > \"${SCRIPT_OUTPUT_FILE_0}\"\n";
			showEnvVarsInLog = 0;
		};
		993361D23E0072F1A4B61585 /* [CP] Embed Pods Frameworks */ = {
			isa = PBXShellScriptBuildPhase;
			buildActionMask = 2147483647;
			files = (
			);
			inputFileListPaths = (
				"${PODS_ROOT}/Target Support Files/Pods-faceMaskData-faceMaskDataUITests/Pods-faceMaskData-faceMaskDataUITests-frameworks-${CONFIGURATION}-input-files.xcfilelist",
			);
			name = "[CP] Embed Pods Frameworks";
			outputFileListPaths = (
				"${PODS_ROOT}/Target Support Files/Pods-faceMaskData-faceMaskDataUITests/Pods-faceMaskData-faceMaskDataUITests-frameworks-${CONFIGURATION}-output-files.xcfilelist",
			);
			runOnlyForDeploymentPostprocessing = 0;
			shellPath = /bin/sh;
			shellScript = "\"${PODS_ROOT}/Target Support Files/Pods-faceMaskData-faceMaskDataUITests/Pods-faceMaskData-faceMaskDataUITests-frameworks.sh\"\n";
			showEnvVarsInLog = 0;
		};
		C1A978A383EF386C6FFECC01 /* [CP] Check Pods Manifest.lock */ = {
			isa = PBXShellScriptBuildPhase;
			buildActionMask = 2147483647;
			files = (
			);
			inputFileListPaths = (
			);
			inputPaths = (
				"${PODS_PODFILE_DIR_PATH}/Podfile.lock",
				"${PODS_ROOT}/Manifest.lock",
			);
			name = "[CP] Check Pods Manifest.lock";
			outputFileListPaths = (
			);
			outputPaths = (
				"$(DERIVED_FILE_DIR)/Pods-faceMaskData-checkManifestLockResult.txt",
			);
			runOnlyForDeploymentPostprocessing = 0;
			shellPath = /bin/sh;
			shellScript = "diff \"${PODS_PODFILE_DIR_PATH}/Podfile.lock\" \"${PODS_ROOT}/Manifest.lock\" > /dev/null\nif [ $? != 0 ] ; then\n    # print error to STDERR\n    echo \"error: The sandbox is not in sync with the Podfile.lock. Run 'pod install' or update your CocoaPods installation.\" >&2\n    exit 1\nfi\n# This output is used by Xcode 'outputs' to avoid re-running this script phase.\necho \"SUCCESS\" > \"${SCRIPT_OUTPUT_FILE_0}\"\n";
			showEnvVarsInLog = 0;
		};
		DA5BB0C2781F3736A2F1C0EA /* [CP] Check Pods Manifest.lock */ = {
			isa = PBXShellScriptBuildPhase;
			buildActionMask = 2147483647;
			files = (
			);
			inputFileListPaths = (
			);
			inputPaths = (
				"${PODS_PODFILE_DIR_PATH}/Podfile.lock",
				"${PODS_ROOT}/Manifest.lock",
			);
			name = "[CP] Check Pods Manifest.lock";
			outputFileListPaths = (
			);
			outputPaths = (
				"$(DERIVED_FILE_DIR)/Pods-faceMaskDataTests-checkManifestLockResult.txt",
			);
			runOnlyForDeploymentPostprocessing = 0;
			shellPath = /bin/sh;
			shellScript = "diff \"${PODS_PODFILE_DIR_PATH}/Podfile.lock\" \"${PODS_ROOT}/Manifest.lock\" > /dev/null\nif [ $? != 0 ] ; then\n    # print error to STDERR\n    echo \"error: The sandbox is not in sync with the Podfile.lock. Run 'pod install' or update your CocoaPods installation.\" >&2\n    exit 1\nfi\n# This output is used by Xcode 'outputs' to avoid re-running this script phase.\necho \"SUCCESS\" > \"${SCRIPT_OUTPUT_FILE_0}\"\n";
			showEnvVarsInLog = 0;
		};
		EE32E1204E62BF4D5A29BACD /* [CP] Embed Pods Frameworks */ = {
			isa = PBXShellScriptBuildPhase;
			buildActionMask = 2147483647;
			files = (
			);
			inputFileListPaths = (
				"${PODS_ROOT}/Target Support Files/Pods-faceMaskData/Pods-faceMaskData-frameworks-${CONFIGURATION}-input-files.xcfilelist",
			);
			name = "[CP] Embed Pods Frameworks";
			outputFileListPaths = (
				"${PODS_ROOT}/Target Support Files/Pods-faceMaskData/Pods-faceMaskData-frameworks-${CONFIGURATION}-output-files.xcfilelist",
			);
			runOnlyForDeploymentPostprocessing = 0;
			shellPath = /bin/sh;
			shellScript = "\"${PODS_ROOT}/Target Support Files/Pods-faceMaskData/Pods-faceMaskData-frameworks.sh\"\n";
			showEnvVarsInLog = 0;
		};
/* End PBXShellScriptBuildPhase section */

/* Begin PBXSourcesBuildPhase section */
		8D24DECD282E7500006A323E /* Sources */ = {
			isa = PBXSourcesBuildPhase;
			buildActionMask = 2147483647;
			files = (
				8DC94D15283105D000931E2F /* DailySentenceOperation.swift in Sources */,
				8D24DED9282E7500006A323E /* ViewController.swift in Sources */,
				8D24DED5282E7500006A323E /* AppDelegate.swift in Sources */,
				8D6F3A45282F85FD001DC31A /* FaceMask.swift in Sources */,
				8DE45820283254E100DA329F /* SentenceView.swift in Sources */,
				8DC94D19283129B200931E2F /* Extension.swift in Sources */,
				8DC94D172831297800931E2F /* DailySentence.swift in Sources */,
				8D6F3A502830BB9A001DC31A /* temp.swift in Sources */,
				8D24DEDF282E7500006A323E /* faceMaskData.xcdatamodeld in Sources */,
				8D6F3A4A282FA174001DC31A /* NetworkController.swift in Sources */,
				8DB541232834B921002F6DD8 /* CoreDataController.swift in Sources */,
				8D6F3A4C282FA398001DC31A /* FaceMaskOperation.swift in Sources */,
				8D24DED7282E7500006A323E /* SceneDelegate.swift in Sources */,
				8DD6024628339C0F0046798D /* TownViewController.swift in Sources */,
			);
			runOnlyForDeploymentPostprocessing = 0;
		};
		8D24DEE6282E7501006A323E /* Sources */ = {
			isa = PBXSourcesBuildPhase;
			buildActionMask = 2147483647;
			files = (
				8D24DEEF282E7501006A323E /* faceMaskDataTests.swift in Sources */,
			);
			runOnlyForDeploymentPostprocessing = 0;
		};
		8D24DEF0282E7501006A323E /* Sources */ = {
			isa = PBXSourcesBuildPhase;
			buildActionMask = 2147483647;
			files = (
				8D24DEF9282E7501006A323E /* faceMaskDataUITests.swift in Sources */,
				8D24DEFB282E7501006A323E /* faceMaskDataUITestsLaunchTests.swift in Sources */,
			);
			runOnlyForDeploymentPostprocessing = 0;
		};
/* End PBXSourcesBuildPhase section */

/* Begin PBXTargetDependency section */
		8D24DEEC282E7501006A323E /* PBXTargetDependency */ = {
			isa = PBXTargetDependency;
			target = 8D24DED0282E7500006A323E /* faceMaskData */;
			targetProxy = 8D24DEEB282E7501006A323E /* PBXContainerItemProxy */;
		};
		8D24DEF6282E7501006A323E /* PBXTargetDependency */ = {
			isa = PBXTargetDependency;
			target = 8D24DED0282E7500006A323E /* faceMaskData */;
			targetProxy = 8D24DEF5282E7501006A323E /* PBXContainerItemProxy */;
		};
/* End PBXTargetDependency section */

/* Begin PBXVariantGroup section */
		8D24DEE2282E7501006A323E /* LaunchScreen.storyboard */ = {
			isa = PBXVariantGroup;
			children = (
				8D24DEE3282E7501006A323E /* Base */,
			);
			name = LaunchScreen.storyboard;
			sourceTree = "<group>";
		};
/* End PBXVariantGroup section */

/* Begin XCBuildConfiguration section */
		8D24DEFC282E7501006A323E /* Debug */ = {
			isa = XCBuildConfiguration;
			buildSettings = {
				ALWAYS_SEARCH_USER_PATHS = NO;
				CLANG_ANALYZER_NONNULL = YES;
				CLANG_ANALYZER_NUMBER_OBJECT_CONVERSION = YES_AGGRESSIVE;
				CLANG_CXX_LANGUAGE_STANDARD = "gnu++17";
				CLANG_CXX_LIBRARY = "libc++";
				CLANG_ENABLE_MODULES = YES;
				CLANG_ENABLE_OBJC_ARC = YES;
				CLANG_ENABLE_OBJC_WEAK = YES;
				CLANG_WARN_BLOCK_CAPTURE_AUTORELEASING = YES;
				CLANG_WARN_BOOL_CONVERSION = YES;
				CLANG_WARN_COMMA = YES;
				CLANG_WARN_CONSTANT_CONVERSION = YES;
				CLANG_WARN_DEPRECATED_OBJC_IMPLEMENTATIONS = YES;
				CLANG_WARN_DIRECT_OBJC_ISA_USAGE = YES_ERROR;
				CLANG_WARN_DOCUMENTATION_COMMENTS = YES;
				CLANG_WARN_EMPTY_BODY = YES;
				CLANG_WARN_ENUM_CONVERSION = YES;
				CLANG_WARN_INFINITE_RECURSION = YES;
				CLANG_WARN_INT_CONVERSION = YES;
				CLANG_WARN_NON_LITERAL_NULL_CONVERSION = YES;
				CLANG_WARN_OBJC_IMPLICIT_RETAIN_SELF = YES;
				CLANG_WARN_OBJC_LITERAL_CONVERSION = YES;
				CLANG_WARN_OBJC_ROOT_CLASS = YES_ERROR;
				CLANG_WARN_QUOTED_INCLUDE_IN_FRAMEWORK_HEADER = YES;
				CLANG_WARN_RANGE_LOOP_ANALYSIS = YES;
				CLANG_WARN_STRICT_PROTOTYPES = YES;
				CLANG_WARN_SUSPICIOUS_MOVE = YES;
				CLANG_WARN_UNGUARDED_AVAILABILITY = YES_AGGRESSIVE;
				CLANG_WARN_UNREACHABLE_CODE = YES;
				CLANG_WARN__DUPLICATE_METHOD_MATCH = YES;
				COPY_PHASE_STRIP = NO;
				DEBUG_INFORMATION_FORMAT = dwarf;
				ENABLE_STRICT_OBJC_MSGSEND = YES;
				ENABLE_TESTABILITY = YES;
				GCC_C_LANGUAGE_STANDARD = gnu11;
				GCC_DYNAMIC_NO_PIC = NO;
				GCC_NO_COMMON_BLOCKS = YES;
				GCC_OPTIMIZATION_LEVEL = 0;
				GCC_PREPROCESSOR_DEFINITIONS = (
					"DEBUG=1",
					"$(inherited)",
				);
				GCC_WARN_64_TO_32_BIT_CONVERSION = YES;
				GCC_WARN_ABOUT_RETURN_TYPE = YES_ERROR;
				GCC_WARN_UNDECLARED_SELECTOR = YES;
				GCC_WARN_UNINITIALIZED_AUTOS = YES_AGGRESSIVE;
				GCC_WARN_UNUSED_FUNCTION = YES;
				GCC_WARN_UNUSED_VARIABLE = YES;
				IPHONEOS_DEPLOYMENT_TARGET = 15.0;
				MTL_ENABLE_DEBUG_INFO = INCLUDE_SOURCE;
				MTL_FAST_MATH = YES;
				ONLY_ACTIVE_ARCH = YES;
				SDKROOT = iphoneos;
				SWIFT_ACTIVE_COMPILATION_CONDITIONS = DEBUG;
				SWIFT_OPTIMIZATION_LEVEL = "-Onone";
			};
			name = Debug;
		};
		8D24DEFD282E7501006A323E /* Release */ = {
			isa = XCBuildConfiguration;
			buildSettings = {
				ALWAYS_SEARCH_USER_PATHS = NO;
				CLANG_ANALYZER_NONNULL = YES;
				CLANG_ANALYZER_NUMBER_OBJECT_CONVERSION = YES_AGGRESSIVE;
				CLANG_CXX_LANGUAGE_STANDARD = "gnu++17";
				CLANG_CXX_LIBRARY = "libc++";
				CLANG_ENABLE_MODULES = YES;
				CLANG_ENABLE_OBJC_ARC = YES;
				CLANG_ENABLE_OBJC_WEAK = YES;
				CLANG_WARN_BLOCK_CAPTURE_AUTORELEASING = YES;
				CLANG_WARN_BOOL_CONVERSION = YES;
				CLANG_WARN_COMMA = YES;
				CLANG_WARN_CONSTANT_CONVERSION = YES;
				CLANG_WARN_DEPRECATED_OBJC_IMPLEMENTATIONS = YES;
				CLANG_WARN_DIRECT_OBJC_ISA_USAGE = YES_ERROR;
				CLANG_WARN_DOCUMENTATION_COMMENTS = YES;
				CLANG_WARN_EMPTY_BODY = YES;
				CLANG_WARN_ENUM_CONVERSION = YES;
				CLANG_WARN_INFINITE_RECURSION = YES;
				CLANG_WARN_INT_CONVERSION = YES;
				CLANG_WARN_NON_LITERAL_NULL_CONVERSION = YES;
				CLANG_WARN_OBJC_IMPLICIT_RETAIN_SELF = YES;
				CLANG_WARN_OBJC_LITERAL_CONVERSION = YES;
				CLANG_WARN_OBJC_ROOT_CLASS = YES_ERROR;
				CLANG_WARN_QUOTED_INCLUDE_IN_FRAMEWORK_HEADER = YES;
				CLANG_WARN_RANGE_LOOP_ANALYSIS = YES;
				CLANG_WARN_STRICT_PROTOTYPES = YES;
				CLANG_WARN_SUSPICIOUS_MOVE = YES;
				CLANG_WARN_UNGUARDED_AVAILABILITY = YES_AGGRESSIVE;
				CLANG_WARN_UNREACHABLE_CODE = YES;
				CLANG_WARN__DUPLICATE_METHOD_MATCH = YES;
				COPY_PHASE_STRIP = NO;
				DEBUG_INFORMATION_FORMAT = "dwarf-with-dsym";
				ENABLE_NS_ASSERTIONS = NO;
				ENABLE_STRICT_OBJC_MSGSEND = YES;
				GCC_C_LANGUAGE_STANDARD = gnu11;
				GCC_NO_COMMON_BLOCKS = YES;
				GCC_WARN_64_TO_32_BIT_CONVERSION = YES;
				GCC_WARN_ABOUT_RETURN_TYPE = YES_ERROR;
				GCC_WARN_UNDECLARED_SELECTOR = YES;
				GCC_WARN_UNINITIALIZED_AUTOS = YES_AGGRESSIVE;
				GCC_WARN_UNUSED_FUNCTION = YES;
				GCC_WARN_UNUSED_VARIABLE = YES;
				IPHONEOS_DEPLOYMENT_TARGET = 15.0;
				MTL_ENABLE_DEBUG_INFO = NO;
				MTL_FAST_MATH = YES;
				SDKROOT = iphoneos;
				SWIFT_COMPILATION_MODE = wholemodule;
				SWIFT_OPTIMIZATION_LEVEL = "-O";
				VALIDATE_PRODUCT = YES;
			};
			name = Release;
		};
		8D24DEFF282E7501006A323E /* Debug */ = {
			isa = XCBuildConfiguration;
			baseConfigurationReference = BE9C86E047D423DFA8A9A360 /* Pods-faceMaskData.debug.xcconfig */;
			buildSettings = {
				ASSETCATALOG_COMPILER_APPICON_NAME = AppIcon;
				ASSETCATALOG_COMPILER_GLOBAL_ACCENT_COLOR_NAME = AccentColor;
				CODE_SIGN_STYLE = Automatic;
				CURRENT_PROJECT_VERSION = 1;
				DEVELOPMENT_TEAM = RMFRRSQ9CJ;
				GENERATE_INFOPLIST_FILE = YES;
				INFOPLIST_FILE = faceMaskData/Info.plist;
				INFOPLIST_KEY_UIApplicationSupportsIndirectInputEvents = YES;
				INFOPLIST_KEY_UILaunchStoryboardName = LaunchScreen;
				INFOPLIST_KEY_UISupportedInterfaceOrientations_iPad = "UIInterfaceOrientationPortrait UIInterfaceOrientationPortraitUpsideDown UIInterfaceOrientationLandscapeLeft UIInterfaceOrientationLandscapeRight";
				INFOPLIST_KEY_UISupportedInterfaceOrientations_iPhone = "UIInterfaceOrientationPortrait UIInterfaceOrientationLandscapeLeft UIInterfaceOrientationLandscapeRight";
				LD_RUNPATH_SEARCH_PATHS = (
					"$(inherited)",
					"@executable_path/Frameworks",
				);
				MARKETING_VERSION = 1.0;
				PRODUCT_BUNDLE_IDENTIFIER = yuhsuan.faceMaskData;
				PRODUCT_NAME = "$(TARGET_NAME)";
				SWIFT_EMIT_LOC_STRINGS = YES;
				SWIFT_VERSION = 5.0;
				TARGETED_DEVICE_FAMILY = "1,2";
			};
			name = Debug;
		};
		8D24DF00282E7501006A323E /* Release */ = {
			isa = XCBuildConfiguration;
			baseConfigurationReference = 7EE1CDE3B75DFC4F10F220BD /* Pods-faceMaskData.release.xcconfig */;
			buildSettings = {
				ASSETCATALOG_COMPILER_APPICON_NAME = AppIcon;
				ASSETCATALOG_COMPILER_GLOBAL_ACCENT_COLOR_NAME = AccentColor;
				CODE_SIGN_STYLE = Automatic;
				CURRENT_PROJECT_VERSION = 1;
				DEVELOPMENT_TEAM = RMFRRSQ9CJ;
				GENERATE_INFOPLIST_FILE = YES;
				INFOPLIST_FILE = faceMaskData/Info.plist;
				INFOPLIST_KEY_UIApplicationSupportsIndirectInputEvents = YES;
				INFOPLIST_KEY_UILaunchStoryboardName = LaunchScreen;
				INFOPLIST_KEY_UISupportedInterfaceOrientations_iPad = "UIInterfaceOrientationPortrait UIInterfaceOrientationPortraitUpsideDown UIInterfaceOrientationLandscapeLeft UIInterfaceOrientationLandscapeRight";
				INFOPLIST_KEY_UISupportedInterfaceOrientations_iPhone = "UIInterfaceOrientationPortrait UIInterfaceOrientationLandscapeLeft UIInterfaceOrientationLandscapeRight";
				LD_RUNPATH_SEARCH_PATHS = (
					"$(inherited)",
					"@executable_path/Frameworks",
				);
				MARKETING_VERSION = 1.0;
				PRODUCT_BUNDLE_IDENTIFIER = yuhsuan.faceMaskData;
				PRODUCT_NAME = "$(TARGET_NAME)";
				SWIFT_EMIT_LOC_STRINGS = YES;
				SWIFT_VERSION = 5.0;
				TARGETED_DEVICE_FAMILY = "1,2";
			};
			name = Release;
		};
		8D24DF02282E7501006A323E /* Debug */ = {
			isa = XCBuildConfiguration;
			baseConfigurationReference = 56998515415ACD3540E35030 /* Pods-faceMaskDataTests.debug.xcconfig */;
			buildSettings = {
				ALWAYS_EMBED_SWIFT_STANDARD_LIBRARIES = YES;
				BUNDLE_LOADER = "$(TEST_HOST)";
				CODE_SIGN_STYLE = Automatic;
				CURRENT_PROJECT_VERSION = 1;
				DEVELOPMENT_TEAM = RMFRRSQ9CJ;
				GENERATE_INFOPLIST_FILE = YES;
				IPHONEOS_DEPLOYMENT_TARGET = 15.0;
				LD_RUNPATH_SEARCH_PATHS = (
					"$(inherited)",
					"@executable_path/Frameworks",
					"@loader_path/Frameworks",
				);
				MARKETING_VERSION = 1.0;
				PRODUCT_BUNDLE_IDENTIFIER = yuhsuan.faceMaskDataTests;
				PRODUCT_NAME = "$(TARGET_NAME)";
				SWIFT_EMIT_LOC_STRINGS = NO;
				SWIFT_VERSION = 5.0;
				TARGETED_DEVICE_FAMILY = "1,2";
				TEST_HOST = "$(BUILT_PRODUCTS_DIR)/faceMaskData.app/faceMaskData";
			};
			name = Debug;
		};
		8D24DF03282E7501006A323E /* Release */ = {
			isa = XCBuildConfiguration;
			baseConfigurationReference = 9E53BDF924DF063AAED34326 /* Pods-faceMaskDataTests.release.xcconfig */;
			buildSettings = {
				ALWAYS_EMBED_SWIFT_STANDARD_LIBRARIES = YES;
				BUNDLE_LOADER = "$(TEST_HOST)";
				CODE_SIGN_STYLE = Automatic;
				CURRENT_PROJECT_VERSION = 1;
				DEVELOPMENT_TEAM = RMFRRSQ9CJ;
				GENERATE_INFOPLIST_FILE = YES;
				IPHONEOS_DEPLOYMENT_TARGET = 15.0;
				LD_RUNPATH_SEARCH_PATHS = (
					"$(inherited)",
					"@executable_path/Frameworks",
					"@loader_path/Frameworks",
				);
				MARKETING_VERSION = 1.0;
				PRODUCT_BUNDLE_IDENTIFIER = yuhsuan.faceMaskDataTests;
				PRODUCT_NAME = "$(TARGET_NAME)";
				SWIFT_EMIT_LOC_STRINGS = NO;
				SWIFT_VERSION = 5.0;
				TARGETED_DEVICE_FAMILY = "1,2";
				TEST_HOST = "$(BUILT_PRODUCTS_DIR)/faceMaskData.app/faceMaskData";
			};
			name = Release;
		};
		8D24DF05282E7501006A323E /* Debug */ = {
			isa = XCBuildConfiguration;
			baseConfigurationReference = D38DF63B139AA0A1005ACD59 /* Pods-faceMaskData-faceMaskDataUITests.debug.xcconfig */;
			buildSettings = {
				ALWAYS_EMBED_SWIFT_STANDARD_LIBRARIES = YES;
				CODE_SIGN_STYLE = Automatic;
				CURRENT_PROJECT_VERSION = 1;
				DEVELOPMENT_TEAM = RMFRRSQ9CJ;
				GENERATE_INFOPLIST_FILE = YES;
				LD_RUNPATH_SEARCH_PATHS = (
					"$(inherited)",
					"@executable_path/Frameworks",
					"@loader_path/Frameworks",
				);
				MARKETING_VERSION = 1.0;
				PRODUCT_BUNDLE_IDENTIFIER = yuhsuan.faceMaskDataUITests;
				PRODUCT_NAME = "$(TARGET_NAME)";
				SWIFT_EMIT_LOC_STRINGS = NO;
				SWIFT_VERSION = 5.0;
				TARGETED_DEVICE_FAMILY = "1,2";
				TEST_TARGET_NAME = faceMaskData;
			};
			name = Debug;
		};
		8D24DF06282E7501006A323E /* Release */ = {
			isa = XCBuildConfiguration;
			baseConfigurationReference = 9516911EFFE0F7E9507C08D4 /* Pods-faceMaskData-faceMaskDataUITests.release.xcconfig */;
			buildSettings = {
				ALWAYS_EMBED_SWIFT_STANDARD_LIBRARIES = YES;
				CODE_SIGN_STYLE = Automatic;
				CURRENT_PROJECT_VERSION = 1;
				DEVELOPMENT_TEAM = RMFRRSQ9CJ;
				GENERATE_INFOPLIST_FILE = YES;
				LD_RUNPATH_SEARCH_PATHS = (
					"$(inherited)",
					"@executable_path/Frameworks",
					"@loader_path/Frameworks",
				);
				MARKETING_VERSION = 1.0;
				PRODUCT_BUNDLE_IDENTIFIER = yuhsuan.faceMaskDataUITests;
				PRODUCT_NAME = "$(TARGET_NAME)";
				SWIFT_EMIT_LOC_STRINGS = NO;
				SWIFT_VERSION = 5.0;
				TARGETED_DEVICE_FAMILY = "1,2";
				TEST_TARGET_NAME = faceMaskData;
			};
			name = Release;
		};
/* End XCBuildConfiguration section */

/* Begin XCConfigurationList section */
		8D24DECC282E7500006A323E /* Build configuration list for PBXProject "faceMaskData" */ = {
			isa = XCConfigurationList;
			buildConfigurations = (
				8D24DEFC282E7501006A323E /* Debug */,
				8D24DEFD282E7501006A323E /* Release */,
			);
			defaultConfigurationIsVisible = 0;
			defaultConfigurationName = Release;
		};
		8D24DEFE282E7501006A323E /* Build configuration list for PBXNativeTarget "faceMaskData" */ = {
			isa = XCConfigurationList;
			buildConfigurations = (
				8D24DEFF282E7501006A323E /* Debug */,
				8D24DF00282E7501006A323E /* Release */,
			);
			defaultConfigurationIsVisible = 0;
			defaultConfigurationName = Release;
		};
		8D24DF01282E7501006A323E /* Build configuration list for PBXNativeTarget "faceMaskDataTests" */ = {
			isa = XCConfigurationList;
			buildConfigurations = (
				8D24DF02282E7501006A323E /* Debug */,
				8D24DF03282E7501006A323E /* Release */,
			);
			defaultConfigurationIsVisible = 0;
			defaultConfigurationName = Release;
		};
		8D24DF04282E7501006A323E /* Build configuration list for PBXNativeTarget "faceMaskDataUITests" */ = {
			isa = XCConfigurationList;
			buildConfigurations = (
				8D24DF05282E7501006A323E /* Debug */,
				8D24DF06282E7501006A323E /* Release */,
			);
			defaultConfigurationIsVisible = 0;
			defaultConfigurationName = Release;
		};
/* End XCConfigurationList section */

/* Begin XCVersionGroup section */
		8D24DEDD282E7500006A323E /* faceMaskData.xcdatamodeld */ = {
			isa = XCVersionGroup;
			children = (
				8D24DEDE282E7500006A323E /* faceMaskData.xcdatamodel */,
			);
			currentVersion = 8D24DEDE282E7500006A323E /* faceMaskData.xcdatamodel */;
			path = faceMaskData.xcdatamodeld;
			sourceTree = "<group>";
			versionGroupType = wrapper.xcdatamodel;
		};
/* End XCVersionGroup section */
	};
	rootObject = 8D24DEC9282E7500006A323E /* Project object */;
}
